
Microsoft Visual Studio Solution File, Format Version 12.00
# Visual Studio Version 16
VisualStudioVersion = 16.0.31205.134
MinimumVisualStudioVersion = 10.0.40219.1
Project("{9A19103F-16F7-4668-BE54-9A1E7A4F7556}") = "MovieSharing", "MovieSharing\MovieSharing.csproj", "{DD23FB31-5074-4BAE-B903-C0DED8D24DC5}"
EndProject
Global
	GlobalSection(SolutionConfigurationPlatforms) = preSolution
		Debug|Any CPU = Debug|Any CPU
		Release|Any CPU = Release|Any CPU
	EndGlobalSection
	GlobalSection(ProjectConfigurationPlatforms) = postSolution
		{DD23FB31-5074-4BAE-B903-C0DED8D24DC5}.Debug|Any CPU.ActiveCfg = Debug|Any CPU
		{DD23FB31-5074-4BAE-B903-C0DED8D24DC5}.Debug|Any CPU.Build.0 = Debug|Any CPU
		{DD23FB31-5074-4BAE-B903-C0DED8D24DC5}.Release|Any CPU.ActiveCfg = Release|Any CPU
		{DD23FB31-5074-4BAE-B903-C0DED8D24DC5}.Release|Any CPU.Build.0 = Release|Any CPU
	EndGlobalSection
	GlobalSection(SolutionProperties) = preSolution
		HideSolutionNode = FALSE
	EndGlobalSection
	GlobalSection(ExtensibilityGlobals) = postSolution
		SolutionGuid = {6F2FAD64-7DD2-4840-A8A9-6BFE5CC2C283}
	EndGlobalSection
EndGlobal
